// !$*UTF8*$!
{
	archiveVersion = 1;
	classes = {
	};
	objectVersion = 77;
	objects = {

/* Begin PBXBuildFile section */
		E52DE98B2D75EC0000F624CF /* TrackerRadarKit in Frameworks */ = {isa = PBXBuildFile; productRef = E52DE98A2D75EC0000F624CF /* TrackerRadarKit */; };
		E52DE98E2D75EC0900F624CF /* SnapKit in Frameworks */ = {isa = PBXBuildFile; productRef = E52DE98D2D75EC0900F624CF /* SnapKit */; };
/* End PBXBuildFile section */

/* Begin PBXContainerItemProxy section */
		E52DE96C2D75EA4700F624CF /* PBXContainerItemProxy */ = {
			isa = PBXContainerItemProxy;
			containerPortal = E52DE94D2D75EA4600F624CF /* Project object */;
			proxyType = 1;
			remoteGlobalIDString = E52DE9542D75EA4600F624CF;
			remoteInfo = TrackerBlockingMVP;
		};
/* End PBXContainerItemProxy section */

/* Begin PBXFileReference section */
		E52DE9552D75EA4600F624CF /* TrackerBlockingMVP.app */ = {isa = PBXFileReference; explicitFileType = wrapper.application; includeInIndex = 0; path = TrackerBlockingMVP.app; sourceTree = BUILT_PRODUCTS_DIR; };
		E52DE96B2D75EA4700F624CF /* TrackerBlockingMVPTests.xctest */ = {isa = PBXFileReference; explicitFileType = wrapper.cfbundle; includeInIndex = 0; path = TrackerBlockingMVPTests.xctest; sourceTree = BUILT_PRODUCTS_DIR; };
		E5885D332D75FB7400D7A6F5 /* TrackerBlockingMVPTests.xctestplan */ = {isa = PBXFileReference; lastKnownFileType = text; name = TrackerBlockingMVPTests.xctestplan; path = TrackerBlockingMVPTests/TrackerBlockingMVPTests.xctestplan; sourceTree = "<group>"; };
/* End PBXFileReference section */

/* Begin PBXFileSystemSynchronizedBuildFileExceptionSet section */
		E52DE97D2D75EA4700F624CF /* Exceptions for "TrackerBlockingMVP" folder in "TrackerBlockingMVP" target */ = {
			isa = PBXFileSystemSynchronizedBuildFileExceptionSet;
			membershipExceptions = (
				Info.plist,
			);
			target = E52DE9542D75EA4600F624CF /* TrackerBlockingMVP */;
		};
/* End PBXFileSystemSynchronizedBuildFileExceptionSet section */

/* Begin PBXFileSystemSynchronizedRootGroup section */
		E52DE9572D75EA4600F624CF /* TrackerBlockingMVP */ = {
			isa = PBXFileSystemSynchronizedRootGroup;
			exceptions = (
				E52DE97D2D75EA4700F624CF /* Exceptions for "TrackerBlockingMVP" folder in "TrackerBlockingMVP" target */,
			);
			path = TrackerBlockingMVP;
			sourceTree = "<group>";
		};
		E52DE96E2D75EA4700F624CF /* TrackerBlockingMVPTests */ = {
			isa = PBXFileSystemSynchronizedRootGroup;
			path = TrackerBlockingMVPTests;
			sourceTree = "<group>";
		};
/* End PBXFileSystemSynchronizedRootGroup section */

/* Begin PBXFrameworksBuildPhase section */
		E52DE9522D75EA4600F624CF /* Frameworks */ = {
			isa = PBXFrameworksBuildPhase;
			buildActionMask = 2147483647;
			files = (
				E52DE98B2D75EC0000F624CF /* TrackerRadarKit in Frameworks */,
				E52DE98E2D75EC0900F624CF /* SnapKit in Frameworks */,
			);
			runOnlyForDeploymentPostprocessing = 0;
		};
		E52DE9682D75EA4700F624CF /* Frameworks */ = {
			isa = PBXFrameworksBuildPhase;
			buildActionMask = 2147483647;
			files = (
			);
			runOnlyForDeploymentPostprocessing = 0;
		};
/* End PBXFrameworksBuildPhase section */

/* Begin PBXGroup section */
		E52DE94C2D75EA4600F624CF = {
			isa = PBXGroup;
			children = (
				E5885D332D75FB7400D7A6F5 /* TrackerBlockingMVPTests.xctestplan */,
				E52DE9572D75EA4600F624CF /* TrackerBlockingMVP */,
				E52DE96E2D75EA4700F624CF /* TrackerBlockingMVPTests */,
				E52DE9562D75EA4600F624CF /* Products */,
			);
			sourceTree = "<group>";
		};
		E52DE9562D75EA4600F624CF /* Products */ = {
			isa = PBXGroup;
			children = (
				E52DE9552D75EA4600F624CF /* TrackerBlockingMVP.app */,
				E52DE96B2D75EA4700F624CF /* TrackerBlockingMVPTests.xctest */,
			);
			name = Products;
			sourceTree = "<group>";
		};
/* End PBXGroup section */

/* Begin PBXNativeTarget section */
		E52DE9542D75EA4600F624CF /* TrackerBlockingMVP */ = {
			isa = PBXNativeTarget;
			buildConfigurationList = E52DE97E2D75EA4700F624CF /* Build configuration list for PBXNativeTarget "TrackerBlockingMVP" */;
			buildPhases = (
				E52DE9512D75EA4600F624CF /* Sources */,
				E52DE9522D75EA4600F624CF /* Frameworks */,
				E52DE9532D75EA4600F624CF /* Resources */,
			);
			buildRules = (
			);
			dependencies = (
			);
			fileSystemSynchronizedGroups = (
				E52DE9572D75EA4600F624CF /* TrackerBlockingMVP */,
			);
			name = TrackerBlockingMVP;
			packageProductDependencies = (
				E52DE98A2D75EC0000F624CF /* TrackerRadarKit */,
				E52DE98D2D75EC0900F624CF /* SnapKit */,
			);
			productName = TrackerBlockingMVP;
			productReference = E52DE9552D75EA4600F624CF /* TrackerBlockingMVP.app */;
			productType = "com.apple.product-type.application";
		};
		E52DE96A2D75EA4700F624CF /* TrackerBlockingMVPTests */ = {
			isa = PBXNativeTarget;
			buildConfigurationList = E52DE9832D75EA4700F624CF /* Build configuration list for PBXNativeTarget "TrackerBlockingMVPTests" */;
			buildPhases = (
				E52DE9672D75EA4700F624CF /* Sources */,
				E52DE9682D75EA4700F624CF /* Frameworks */,
				E52DE9692D75EA4700F624CF /* Resources */,
			);
			buildRules = (
			);
			dependencies = (
				E52DE96D2D75EA4700F624CF /* PBXTargetDependency */,
			);
			fileSystemSynchronizedGroups = (
				E52DE96E2D75EA4700F624CF /* TrackerBlockingMVPTests */,
			);
			name = TrackerBlockingMVPTests;
			packageProductDependencies = (
			);
			productName = TrackerBlockingMVPTests;
			productReference = E52DE96B2D75EA4700F624CF /* TrackerBlockingMVPTests.xctest */;
			productType = "com.apple.product-type.bundle.unit-test";
		};
/* End PBXNativeTarget section */

/* Begin PBXProject section */
		E52DE94D2D75EA4600F624CF /* Project object */ = {
			isa = PBXProject;
			attributes = {
				BuildIndependentTargetsInParallel = 1;
				LastSwiftUpdateCheck = 1610;
				LastUpgradeCheck = 1610;
				TargetAttributes = {
					E52DE9542D75EA4600F624CF = {
						CreatedOnToolsVersion = 16.1;
					};
					E52DE96A2D75EA4700F624CF = {
						CreatedOnToolsVersion = 16.1;
						LastSwiftMigration = 1610;
						TestTargetID = E52DE9542D75EA4600F624CF;
					};
				};
			};
			buildConfigurationList = E52DE9502D75EA4600F624CF /* Build configuration list for PBXProject "TrackerBlockingMVP" */;
			developmentRegion = en;
			hasScannedForEncodings = 0;
			knownRegions = (
				en,
				Base,
			);
			mainGroup = E52DE94C2D75EA4600F624CF;
			minimizedProjectReferenceProxies = 1;
			packageReferences = (
				E52DE9892D75EC0000F624CF /* XCRemoteSwiftPackageReference "TrackerRadarKit" */,
				E52DE98C2D75EC0900F624CF /* XCRemoteSwiftPackageReference "SnapKit" */,
			);
			preferredProjectObjectVersion = 77;
			productRefGroup = E52DE9562D75EA4600F624CF /* Products */;
			projectDirPath = "";
			projectRoot = "";
			targets = (
				E52DE9542D75EA4600F624CF /* TrackerBlockingMVP */,
				E52DE96A2D75EA4700F624CF /* TrackerBlockingMVPTests */,
			);
		};
/* End PBXProject section */

/* Begin PBXResourcesBuildPhase section */
		E52DE9532D75EA4600F624CF /* Resources */ = {
			isa = PBXResourcesBuildPhase;
			buildActionMask = 2147483647;
			files = (
			);
			runOnlyForDeploymentPostprocessing = 0;
		};
		E52DE9692D75EA4700F624CF /* Resources */ = {
			isa = PBXResourcesBuildPhase;
			buildActionMask = 2147483647;
			files = (
			);
			runOnlyForDeploymentPostprocessing = 0;
		};
/* End PBXResourcesBuildPhase section */

/* Begin PBXSourcesBuildPhase section */
		E52DE9512D75EA4600F624CF /* Sources */ = {
			isa = PBXSourcesBuildPhase;
			buildActionMask = 2147483647;
			files = (
			);
			runOnlyForDeploymentPostprocessing = 0;
		};
		E52DE9672D75EA4700F624CF /* Sources */ = {
			isa = PBXSourcesBuildPhase;
			buildActionMask = 2147483647;
			files = (
			);
			runOnlyForDeploymentPostprocessing = 0;
		};
/* End PBXSourcesBuildPhase section */

/* Begin PBXTargetDependency section */
		E52DE96D2D75EA4700F624CF /* PBXTargetDependency */ = {
			isa = PBXTargetDependency;
			target = E52DE9542D75EA4600F624CF /* TrackerBlockingMVP */;
			targetProxy = E52DE96C2D75EA4700F624CF /* PBXContainerItemProxy */;
		};
/* End PBXTargetDependency section */

/* Begin XCBuildConfiguration section */
		E52DE97F2D75EA4700F624CF /* Debug */ = {
			isa = XCBuildConfiguration;
			buildSettings = {
				ASSETCATALOG_COMPILER_APPICON_NAME = AppIcon;
				ASSETCATALOG_COMPILER_GLOBAL_ACCENT_COLOR_NAME = AccentColor;
				CODE_SIGN_STYLE = Automatic;
				CURRENT_PROJECT_VERSION = 1;
				GENERATE_INFOPLIST_FILE = YES;
				INFOPLIST_FILE = TrackerBlockingMVP/Info.plist;
				INFOPLIST_KEY_UIApplicationSupportsIndirectInputEvents = YES;
				INFOPLIST_KEY_UILaunchStoryboardName = LaunchScreen;
				INFOPLIST_KEY_UISupportedInterfaceOrientations_iPad = "UIInterfaceOrientationPortrait UIInterfaceOrientationPortraitUpsideDown UIInterfaceOrientationLandscapeLeft UIInterfaceOrientationLandscapeRight";
				INFOPLIST_KEY_UISupportedInterfaceOrientations_iPhone = "UIInterfaceOrientationPortrait UIInterfaceOrientationLandscapeLeft UIInterfaceOrientationLandscapeRight";
				LD_RUNPATH_SEARCH_PATHS = (
					"$(inherited)",
					"@executable_path/Frameworks",
				);
				MARKETING_VERSION = 1.0;
				PRODUCT_BUNDLE_IDENTIFIER = com.fc.TrackerBlockingMVP;
				PRODUCT_NAME = "$(TARGET_NAME)";
				SWIFT_EMIT_LOC_STRINGS = YES;
				SWIFT_VERSION = 5.0;
				TARGETED_DEVICE_FAMILY = "1,2";
			};
			name = Debug;
		};
		E52DE9802D75EA4700F624CF /* Release */ = {
			isa = XCBuildConfiguration;
			buildSettings = {
				ASSETCATALOG_COMPILER_APPICON_NAME = AppIcon;
				ASSETCATALOG_COMPILER_GLOBAL_ACCENT_COLOR_NAME = AccentColor;
				CODE_SIGN_STYLE = Automatic;
				CURRENT_PROJECT_VERSION = 1;
				GENERATE_INFOPLIST_FILE = YES;
				INFOPLIST_FILE = TrackerBlockingMVP/Info.plist;
				INFOPLIST_KEY_UIApplicationSupportsIndirectInputEvents = YES;
				INFOPLIST_KEY_UILaunchStoryboardName = LaunchScreen;
				INFOPLIST_KEY_UISupportedInterfaceOrientations_iPad = "UIInterfaceOrientationPortrait UIInterfaceOrientationPortraitUpsideDown UIInterfaceOrientationLandscapeLeft UIInterfaceOrientationLandscapeRight";
				INFOPLIST_KEY_UISupportedInterfaceOrientations_iPhone = "UIInterfaceOrientationPortrait UIInterfaceOrientationLandscapeLeft UIInterfaceOrientationLandscapeRight";
				LD_RUNPATH_SEARCH_PATHS = (
					"$(inherited)",
					"@executable_path/Frameworks",
				);
				MARKETING_VERSION = 1.0;
				PRODUCT_BUNDLE_IDENTIFIER = com.fc.TrackerBlockingMVP;
				PRODUCT_NAME = "$(TARGET_NAME)";
				SWIFT_EMIT_LOC_STRINGS = YES;
				SWIFT_VERSION = 5.0;
				TARGETED_DEVICE_FAMILY = "1,2";
			};
			name = Release;
		};
		E52DE9812D75EA4700F624CF /* Debug */ = {
			isa = XCBuildConfiguration;
			buildSettings = {
				ALWAYS_SEARCH_USER_PATHS = NO;
				ASSETCATALOG_COMPILER_GENERATE_SWIFT_ASSET_SYMBOL_EXTENSIONS = YES;
				CLANG_ANALYZER_NONNULL = YES;
				CLANG_ANALYZER_NUMBER_OBJECT_CONVERSION = YES_AGGRESSIVE;
				CLANG_CXX_LANGUAGE_STANDARD = "gnu++20";
				CLANG_ENABLE_MODULES = YES;
				CLANG_ENABLE_OBJC_ARC = YES;
				CLANG_ENABLE_OBJC_WEAK = YES;
				CLANG_WARN_BLOCK_CAPTURE_AUTORELEASING = YES;
				CLANG_WARN_BOOL_CONVERSION = YES;
				CLANG_WARN_COMMA = YES;
				CLANG_WARN_CONSTANT_CONVERSION = YES;
				CLANG_WARN_DEPRECATED_OBJC_IMPLEMENTATIONS = YES;
				CLANG_WARN_DIRECT_OBJC_ISA_USAGE = YES_ERROR;
				CLANG_WARN_DOCUMENTATION_COMMENTS = YES;
				CLANG_WARN_EMPTY_BODY = YES;
				CLANG_WARN_ENUM_CONVERSION = YES;
				CLANG_WARN_INFINITE_RECURSION = YES;
				CLANG_WARN_INT_CONVERSION = YES;
				CLANG_WARN_NON_LITERAL_NULL_CONVERSION = YES;
				CLANG_WARN_OBJC_IMPLICIT_RETAIN_SELF = YES;
				CLANG_WARN_OBJC_LITERAL_CONVERSION = YES;
				CLANG_WARN_OBJC_ROOT_CLASS = YES_ERROR;
				CLANG_WARN_QUOTED_INCLUDE_IN_FRAMEWORK_HEADER = YES;
				CLANG_WARN_RANGE_LOOP_ANALYSIS = YES;
				CLANG_WARN_STRICT_PROTOTYPES = YES;
				CLANG_WARN_SUSPICIOUS_MOVE = YES;
				CLANG_WARN_UNGUARDED_AVAILABILITY = YES_AGGRESSIVE;
				CLANG_WARN_UNREACHABLE_CODE = YES;
				CLANG_WARN__DUPLICATE_METHOD_MATCH = YES;
				COPY_PHASE_STRIP = NO;
				DEBUG_INFORMATION_FORMAT = dwarf;
				ENABLE_STRICT_OBJC_MSGSEND = YES;
				ENABLE_TESTABILITY = YES;
				ENABLE_USER_SCRIPT_SANDBOXING = YES;
				GCC_C_LANGUAGE_STANDARD = gnu17;
				GCC_DYNAMIC_NO_PIC = NO;
				GCC_NO_COMMON_BLOCKS = YES;
				GCC_OPTIMIZATION_LEVEL = 0;
				GCC_PREPROCESSOR_DEFINITIONS = (
					"DEBUG=1",
					"$(inherited)",
				);
				GCC_WARN_64_TO_32_BIT_CONVERSION = YES;
				GCC_WARN_ABOUT_RETURN_TYPE = YES_ERROR;
				GCC_WARN_UNDECLARED_SELECTOR = YES;
				GCC_WARN_UNINITIALIZED_AUTOS = YES_AGGRESSIVE;
				GCC_WARN_UNUSED_FUNCTION = YES;
				GCC_WARN_UNUSED_VARIABLE = YES;
				IPHONEOS_DEPLOYMENT_TARGET = 18.1;
				LOCALIZATION_PREFERS_STRING_CATALOGS = YES;
				MTL_ENABLE_DEBUG_INFO = INCLUDE_SOURCE;
				MTL_FAST_MATH = YES;
				ONLY_ACTIVE_ARCH = YES;
				SDKROOT = iphoneos;
				SWIFT_ACTIVE_COMPILATION_CONDITIONS = "DEBUG $(inherited)";
				SWIFT_OPTIMIZATION_LEVEL = "-Onone";
			};
			name = Debug;
		};
		E52DE9822D75EA4700F624CF /* Release */ = {
			isa = XCBuildConfiguration;
			buildSettings = {
				ALWAYS_SEARCH_USER_PATHS = NO;
				ASSETCATALOG_COMPILER_GENERATE_SWIFT_ASSET_SYMBOL_EXTENSIONS = YES;
				CLANG_ANALYZER_NONNULL = YES;
				CLANG_ANALYZER_NUMBER_OBJECT_CONVERSION = YES_AGGRESSIVE;
				CLANG_CXX_LANGUAGE_STANDARD = "gnu++20";
				CLANG_ENABLE_MODULES = YES;
				CLANG_ENABLE_OBJC_ARC = YES;
				CLANG_ENABLE_OBJC_WEAK = YES;
				CLANG_WARN_BLOCK_CAPTURE_AUTORELEASING = YES;
				CLANG_WARN_BOOL_CONVERSION = YES;
				CLANG_WARN_COMMA = YES;
				CLANG_WARN_CONSTANT_CONVERSION = YES;
				CLANG_WARN_DEPRECATED_OBJC_IMPLEMENTATIONS = YES;
				CLANG_WARN_DIRECT_OBJC_ISA_USAGE = YES_ERROR;
				CLANG_WARN_DOCUMENTATION_COMMENTS = YES;
				CLANG_WARN_EMPTY_BODY = YES;
				CLANG_WARN_ENUM_CONVERSION = YES;
				CLANG_WARN_INFINITE_RECURSION = YES;
				CLANG_WARN_INT_CONVERSION = YES;
				CLANG_WARN_NON_LITERAL_NULL_CONVERSION = YES;
				CLANG_WARN_OBJC_IMPLICIT_RETAIN_SELF = YES;
				CLANG_WARN_OBJC_LITERAL_CONVERSION = YES;
				CLANG_WARN_OBJC_ROOT_CLASS = YES_ERROR;
				CLANG_WARN_QUOTED_INCLUDE_IN_FRAMEWORK_HEADER = YES;
				CLANG_WARN_RANGE_LOOP_ANALYSIS = YES;
				CLANG_WARN_STRICT_PROTOTYPES = YES;
				CLANG_WARN_SUSPICIOUS_MOVE = YES;
				CLANG_WARN_UNGUARDED_AVAILABILITY = YES_AGGRESSIVE;
				CLANG_WARN_UNREACHABLE_CODE = YES;
				CLANG_WARN__DUPLICATE_METHOD_MATCH = YES;
				COPY_PHASE_STRIP = NO;
				DEBUG_INFORMATION_FORMAT = "dwarf-with-dsym";
				ENABLE_NS_ASSERTIONS = NO;
				ENABLE_STRICT_OBJC_MSGSEND = YES;
				ENABLE_USER_SCRIPT_SANDBOXING = YES;
				GCC_C_LANGUAGE_STANDARD = gnu17;
				GCC_NO_COMMON_BLOCKS = YES;
				GCC_WARN_64_TO_32_BIT_CONVERSION = YES;
				GCC_WARN_ABOUT_RETURN_TYPE = YES_ERROR;
				GCC_WARN_UNDECLARED_SELECTOR = YES;
				GCC_WARN_UNINITIALIZED_AUTOS = YES_AGGRESSIVE;
				GCC_WARN_UNUSED_FUNCTION = YES;
				GCC_WARN_UNUSED_VARIABLE = YES;
				IPHONEOS_DEPLOYMENT_TARGET = 18.1;
				LOCALIZATION_PREFERS_STRING_CATALOGS = YES;
				MTL_ENABLE_DEBUG_INFO = NO;
				MTL_FAST_MATH = YES;
				SDKROOT = iphoneos;
				SWIFT_COMPILATION_MODE = wholemodule;
				VALIDATE_PRODUCT = YES;
			};
			name = Release;
		};
		E52DE9842D75EA4700F624CF /* Debug */ = {
			isa = XCBuildConfiguration;
			buildSettings = {
				BUNDLE_LOADER = "$(TEST_HOST)";
				CLANG_ENABLE_MODULES = YES;
				CODE_SIGN_STYLE = Automatic;
				CURRENT_PROJECT_VERSION = 1;
				GENERATE_INFOPLIST_FILE = YES;
				IPHONEOS_DEPLOYMENT_TARGET = 18.1;
				MARKETING_VERSION = 1.0;
				PRODUCT_BUNDLE_IDENTIFIER = com.fc.TrackerBlockingMVPTests;
				PRODUCT_NAME = "$(TARGET_NAME)";
				SWIFT_EMIT_LOC_STRINGS = NO;
				SWIFT_OPTIMIZATION_LEVEL = "-Onone";
				SWIFT_VERSION = 5.0;
				TARGETED_DEVICE_FAMILY = "1,2";
				TEST_HOST = "$(BUILT_PRODUCTS_DIR)/TrackerBlockingMVP.app/$(BUNDLE_EXECUTABLE_FOLDER_PATH)/TrackerBlockingMVP";
			};
			name = Debug;
		};
		E52DE9852D75EA4700F624CF /* Release */ = {
			isa = XCBuildConfiguration;
			buildSettings = {
				BUNDLE_LOADER = "$(TEST_HOST)";
				CLANG_ENABLE_MODULES = YES;
				CODE_SIGN_STYLE = Automatic;
				CURRENT_PROJECT_VERSION = 1;
				GENERATE_INFOPLIST_FILE = YES;
				IPHONEOS_DEPLOYMENT_TARGET = 18.1;
				MARKETING_VERSION = 1.0;
				PRODUCT_BUNDLE_IDENTIFIER = com.fc.TrackerBlockingMVPTests;
				PRODUCT_NAME = "$(TARGET_NAME)";
				SWIFT_EMIT_LOC_STRINGS = NO;
				SWIFT_VERSION = 5.0;
				TARGETED_DEVICE_FAMILY = "1,2";
				TEST_HOST = "$(BUILT_PRODUCTS_DIR)/TrackerBlockingMVP.app/$(BUNDLE_EXECUTABLE_FOLDER_PATH)/TrackerBlockingMVP";
			};
			name = Release;
		};
/* End XCBuildConfiguration section */

/* Begin XCConfigurationList section */
		E52DE9502D75EA4600F624CF /* Build configuration list for PBXProject "TrackerBlockingMVP" */ = {
			isa = XCConfigurationList;
			buildConfigurations = (
				E52DE9812D75EA4700F624CF /* Debug */,
				E52DE9822D75EA4700F624CF /* Release */,
			);
			defaultConfigurationIsVisible = 0;
			defaultConfigurationName = Release;
		};
		E52DE97E2D75EA4700F624CF /* Build configuration list for PBXNativeTarget "TrackerBlockingMVP" */ = {
			isa = XCConfigurationList;
			buildConfigurations = (
				E52DE97F2D75EA4700F624CF /* Debug */,
				E52DE9802D75EA4700F624CF /* Release */,
			);
			defaultConfigurationIsVisible = 0;
			defaultConfigurationName = Release;
		};
		E52DE9832D75EA4700F624CF /* Build configuration list for PBXNativeTarget "TrackerBlockingMVPTests" */ = {
			isa = XCConfigurationList;
			buildConfigurations = (
				E52DE9842D75EA4700F624CF /* Debug */,
				E52DE9852D75EA4700F624CF /* Release */,
			);
			defaultConfigurationIsVisible = 0;
			defaultConfigurationName = Release;
		};
/* End XCConfigurationList section */

/* Begin XCRemoteSwiftPackageReference section */
		E52DE9892D75EC0000F624CF /* XCRemoteSwiftPackageReference "TrackerRadarKit" */ = {
			isa = XCRemoteSwiftPackageReference;
			repositoryURL = "https://github.com/duckduckgo/TrackerRadarKit";
			requirement = {
				kind = upToNextMajorVersion;
				minimumVersion = 3.0.0;
			};
		};
		E52DE98C2D75EC0900F624CF /* XCRemoteSwiftPackageReference "SnapKit" */ = {
			isa = XCRemoteSwiftPackageReference;
			repositoryURL = "https://github.com/SnapKit/SnapKit.git";
			requirement = {
				kind = upToNextMajorVersion;
				minimumVersion = 5.7.1;
			};
		};
/* End XCRemoteSwiftPackageReference section */

/* Begin XCSwiftPackageProductDependency section */
		E52DE98A2D75EC0000F624CF /* TrackerRadarKit */ = {
			isa = XCSwiftPackageProductDependency;
			package = E52DE9892D75EC0000F624CF /* XCRemoteSwiftPackageReference "TrackerRadarKit" */;
			productName = TrackerRadarKit;
		};
		E52DE98D2D75EC0900F624CF /* SnapKit */ = {
			isa = XCSwiftPackageProductDependency;
			package = E52DE98C2D75EC0900F624CF /* XCRemoteSwiftPackageReference "SnapKit" */;
			productName = SnapKit;
		};
/* End XCSwiftPackageProductDependency section */
	};
	rootObject = E52DE94D2D75EA4600F624CF /* Project object */;
}
